
Microsoft Visual Studio Solution File, Format Version 12.00
# Visual Studio Version 17
VisualStudioVersion = 17.8.34322.80
MinimumVisualStudioVersion = 10.0.40219.1
Project("{9A19103F-16F7-4668-BE54-9A1E7A4F7556}") = "Delivery.Email.Worker", "Delivery.Email\Delivery.Email.Worker.csproj", "{E2730DEA-B244-4D86-A279-B3D95D9DFACC}"
EndProject
Project("{FAE04EC0-301F-11D3-BF4B-00C04F79EFBC}") = "Delivery.Email.Core", "Delivery.Email.Core\Delivery.Email.Core.csproj", "{C5798673-018F-41B5-AE4F-5A9AB7151EED}"
EndProject
Project("{FAE04EC0-301F-11D3-BF4B-00C04F79EFBC}") = "Delivery.Email.Infra", "Delivery.Email.Infra\Delivery.Email.Infra.csproj", "{C460C7E3-0DC2-4DD1-A209-1C2019C19397}"
EndProject
Project("{FAE04EC0-301F-11D3-BF4B-00C04F79EFBC}") = "Delivery.Email.Infra.Tests", "Delivery.Email.Infra.Tests\Delivery.Email.Infra.Tests.csproj", "{45AC0DA3-B3E9-4AB9-A794-07FFB80DCDC7}"
EndProject
Global
	GlobalSection(SolutionConfigurationPlatforms) = preSolution
		Debug|Any CPU = Debug|Any CPU
		Release|Any CPU = Release|Any CPU
	EndGlobalSection
	GlobalSection(ProjectConfigurationPlatforms) = postSolution
		{E2730DEA-B244-4D86-A279-B3D95D9DFACC}.Debug|Any CPU.ActiveCfg = Debug|Any CPU
		{E2730DEA-B244-4D86-A279-B3D95D9DFACC}.Debug|Any CPU.Build.0 = Debug|Any CPU
		{E2730DEA-B244-4D86-A279-B3D95D9DFACC}.Release|Any CPU.ActiveCfg = Release|Any CPU
		{E2730DEA-B244-4D86-A279-B3D95D9DFACC}.Release|Any CPU.Build.0 = Release|Any CPU
		{C5798673-018F-41B5-AE4F-5A9AB7151EED}.Debug|Any CPU.ActiveCfg = Debug|Any CPU
		{C5798673-018F-41B5-AE4F-5A9AB7151EED}.Debug|Any CPU.Build.0 = Debug|Any CPU
		{C5798673-018F-41B5-AE4F-5A9AB7151EED}.Release|Any CPU.ActiveCfg = Release|Any CPU
		{C5798673-018F-41B5-AE4F-5A9AB7151EED}.Release|Any CPU.Build.0 = Release|Any CPU
		{C460C7E3-0DC2-4DD1-A209-1C2019C19397}.Debug|Any CPU.ActiveCfg = Debug|Any CPU
		{C460C7E3-0DC2-4DD1-A209-1C2019C19397}.Debug|Any CPU.Build.0 = Debug|Any CPU
		{C460C7E3-0DC2-4DD1-A209-1C2019C19397}.Release|Any CPU.ActiveCfg = Release|Any CPU
		{C460C7E3-0DC2-4DD1-A209-1C2019C19397}.Release|Any CPU.Build.0 = Release|Any CPU
		{45AC0DA3-B3E9-4AB9-A794-07FFB80DCDC7}.Debug|Any CPU.ActiveCfg = Debug|Any CPU
		{45AC0DA3-B3E9-4AB9-A794-07FFB80DCDC7}.Debug|Any CPU.Build.0 = Debug|Any CPU
		{45AC0DA3-B3E9-4AB9-A794-07FFB80DCDC7}.Release|Any CPU.ActiveCfg = Release|Any CPU
		{45AC0DA3-B3E9-4AB9-A794-07FFB80DCDC7}.Release|Any CPU.Build.0 = Release|Any CPU
	EndGlobalSection
	GlobalSection(SolutionProperties) = preSolution
		HideSolutionNode = FALSE
	EndGlobalSection
	GlobalSection(ExtensibilityGlobals) = postSolution
		SolutionGuid = {AC1F6960-679E-4883-AED4-F910FB028461}
	EndGlobalSection
EndGlobal
